{
  "name": "api-similar-auto",
  "version": "1.0.0",
  "lockfileVersion": 2,
  "requires": true,
  "packages": {
    "": {
      "name": "api-similar-auto",
      "version": "1.0.0",
      "license": "ISC",
      "dependencies": {
        "roxterjs": "^0.1.9"
      }
    },
    "node_modules/dotenv": {
      "version": "16.6.1",
      "resolved": "https://registry.npmjs.org/dotenv/-/dotenv-16.6.1.tgz",
      "integrity": "sha512-uBq4egWHTcTt33a72vpSG0z3HnPuIl6NqYcTrKEg2azoEyl2hpW0zqlxysq2pK9HlDIHyHyakeYaYnSAwd8bow==",
      "engines": {
        "node": ">=12"
      },
      "funding": {
        "url": "https://dotenvx.com"
      }
    },
    "node_modules/roxterjs": {
      "version": "0.1.9",
      "resolved": "https://registry.npmjs.org/roxterjs/-/roxterjs-0.1.9.tgz",
      "integrity": "sha512-1KAiECKPaXHL/SHA2neYPGoU3dDKm1JZgkJbaqp6N1rl77Lu/B9GiXO8ttbkqw4sH4efTB14pjMrplgOvsLn4w==",
      "dependencies": {
        "dotenv": "^16.4.5"
      }
    }
  },
  "dependencies": {
    "dotenv": {
      "version": "16.6.1",
      "resolved": "https://registry.npmjs.org/dotenv/-/dotenv-16.6.1.tgz",
      "integrity": "sha512-uBq4egWHTcTt33a72vpSG0z3HnPuIl6NqYcTrKEg2azoEyl2hpW0zqlxysq2pK9HlDIHyHyakeYaYnSAwd8bow=="
    },
    "roxterjs": {
      "version": "0.1.9",
      "resolved": "https://registry.npmjs.org/roxterjs/-/roxterjs-0.1.9.tgz",
      "integrity": "sha512-1KAiECKPaXHL/SHA2neYPGoU3dDKm1JZgkJbaqp6N1rl77Lu/B9GiXO8ttbkqw4sH4efTB14pjMrplgOvsLn4w==",
      "requires": {
        "dotenv": "^16.4.5"
      }
    }
  }
}
